// !$*UTF8*$!
{
	archiveVersion = 1;
	classes = {
	};
	objectVersion = 56;
	objects = {

/* Begin PBXBuildFile section */
		586A0BC12956E30000D52C24 /* AppDelegate.swift in Sources */ = {isa = PBXBuildFile; fileRef = 586A0BC02956E30000D52C24 /* AppDelegate.swift */; };
		586A0BC32956E30000D52C24 /* SceneDelegate.swift in Sources */ = {isa = PBXBuildFile; fileRef = 586A0BC22956E30000D52C24 /* SceneDelegate.swift */; };
		586A0BC52956E30000D52C24 /* MainVC.swift in Sources */ = {isa = PBXBuildFile; fileRef = 586A0BC42956E30000D52C24 /* MainVC.swift */; };
		586A0BCA2956E30100D52C24 /* Assets.xcassets in Resources */ = {isa = PBXBuildFile; fileRef = 586A0BC92956E30100D52C24 /* Assets.xcassets */; };
		586A0BCD2956E30100D52C24 /* LaunchScreen.storyboard in Resources */ = {isa = PBXBuildFile; fileRef = 586A0BCB2956E30100D52C24 /* LaunchScreen.storyboard */; };
		586A0BD52956E45400D52C24 /* Roboto-Bold.ttf in Resources */ = {isa = PBXBuildFile; fileRef = 586A0BD42956E45400D52C24 /* Roboto-Bold.ttf */; };
		586A0BD72956E4A700D52C24 /* SF-Pro-Display-Bold.OTF in Resources */ = {isa = PBXBuildFile; fileRef = 586A0BD62956E4A700D52C24 /* SF-Pro-Display-Bold.OTF */; };
		586A0BD92956E4B700D52C24 /* SF-Pro-Display-Regular.OTF in Resources */ = {isa = PBXBuildFile; fileRef = 586A0BD82956E4B700D52C24 /* SF-Pro-Display-Regular.OTF */; };
		586A0BDE2956F2E900D52C24 /* GameVC.swift in Sources */ = {isa = PBXBuildFile; fileRef = 586A0BDD2956F2E900D52C24 /* GameVC.swift */; };
		586A0BE32956F5B100D52C24 /* Constants.swift in Sources */ = {isa = PBXBuildFile; fileRef = 586A0BE22956F5B100D52C24 /* Constants.swift */; };
		586A0BE62956F93800D52C24 /* UISegmentedControlExtension.swift in Sources */ = {isa = PBXBuildFile; fileRef = 586A0BE52956F93800D52C24 /* UISegmentedControlExtension.swift */; };
/* End PBXBuildFile section */

/* Begin PBXFileReference section */
		586A0BBD2956E30000D52C24 /* SlotsGames.app */ = {isa = PBXFileReference; explicitFileType = wrapper.application; includeInIndex = 0; path = SlotsGames.app; sourceTree = BUILT_PRODUCTS_DIR; };
		586A0BC02956E30000D52C24 /* AppDelegate.swift */ = {isa = PBXFileReference; lastKnownFileType = sourcecode.swift; path = AppDelegate.swift; sourceTree = "<group>"; };
		586A0BC22956E30000D52C24 /* SceneDelegate.swift */ = {isa = PBXFileReference; lastKnownFileType = sourcecode.swift; path = SceneDelegate.swift; sourceTree = "<group>"; };
		586A0BC42956E30000D52C24 /* MainVC.swift */ = {isa = PBXFileReference; lastKnownFileType = sourcecode.swift; path = MainVC.swift; sourceTree = "<group>"; };
		586A0BC92956E30100D52C24 /* Assets.xcassets */ = {isa = PBXFileReference; lastKnownFileType = folder.assetcatalog; path = Assets.xcassets; sourceTree = "<group>"; };
		586A0BCC2956E30100D52C24 /* Base */ = {isa = PBXFileReference; lastKnownFileType = file.storyboard; name = Base; path = Base.lproj/LaunchScreen.storyboard; sourceTree = "<group>"; };
		586A0BCE2956E30100D52C24 /* Info.plist */ = {isa = PBXFileReference; lastKnownFileType = text.plist.xml; path = Info.plist; sourceTree = "<group>"; };
		586A0BD42956E45400D52C24 /* Roboto-Bold.ttf */ = {isa = PBXFileReference; lastKnownFileType = file; path = "Roboto-Bold.ttf"; sourceTree = "<group>"; };
		586A0BD62956E4A700D52C24 /* SF-Pro-Display-Bold.OTF */ = {isa = PBXFileReference; lastKnownFileType = file; path = "SF-Pro-Display-Bold.OTF"; sourceTree = "<group>"; };
		586A0BD82956E4B700D52C24 /* SF-Pro-Display-Regular.OTF */ = {isa = PBXFileReference; lastKnownFileType = file; path = "SF-Pro-Display-Regular.OTF"; sourceTree = "<group>"; };
		586A0BDD2956F2E900D52C24 /* GameVC.swift */ = {isa = PBXFileReference; lastKnownFileType = sourcecode.swift; path = GameVC.swift; sourceTree = "<group>"; };
		586A0BE22956F5B100D52C24 /* Constants.swift */ = {isa = PBXFileReference; lastKnownFileType = sourcecode.swift; path = Constants.swift; sourceTree = "<group>"; };
		586A0BE52956F93800D52C24 /* UISegmentedControlExtension.swift */ = {isa = PBXFileReference; lastKnownFileType = sourcecode.swift; path = UISegmentedControlExtension.swift; sourceTree = "<group>"; };
/* End PBXFileReference section */

/* Begin PBXFrameworksBuildPhase section */
		586A0BBA2956E30000D52C24 /* Frameworks */ = {
			isa = PBXFrameworksBuildPhase;
			buildActionMask = 2147483647;
			files = (
			);
			runOnlyForDeploymentPostprocessing = 0;
		};
/* End PBXFrameworksBuildPhase section */

/* Begin PBXGroup section */
		586A0BB42956E30000D52C24 = {
			isa = PBXGroup;
			children = (
				586A0BBF2956E30000D52C24 /* SlotsGames */,
				586A0BBE2956E30000D52C24 /* Products */,
			);
			sourceTree = "<group>";
		};
		586A0BBE2956E30000D52C24 /* Products */ = {
			isa = PBXGroup;
			children = (
				586A0BBD2956E30000D52C24 /* SlotsGames.app */,
			);
			name = Products;
			sourceTree = "<group>";
		};
		586A0BBF2956E30000D52C24 /* SlotsGames */ = {
			isa = PBXGroup;
			children = (
				586A0BE42956F90100D52C24 /* Extensions */,
				586A0BCE2956E30100D52C24 /* Info.plist */,
				586A0BDC2956F25400D52C24 /* ApplicationLayer */,
				586A0BE12956F36000D52C24 /* Models */,
				586A0BE02956F35600D52C24 /* Views */,
				586A0BDF2956F31300D52C24 /* Controllers */,
				586A0BDB2956F18600D52C24 /* SupportingFiles */,
				586A0BE22956F5B100D52C24 /* Constants.swift */,
			);
			path = SlotsGames;
			sourceTree = "<group>";
		};
		586A0BDA2956E4EE00D52C24 /* Fonts */ = {
			isa = PBXGroup;
			children = (
				586A0BD42956E45400D52C24 /* Roboto-Bold.ttf */,
				586A0BD62956E4A700D52C24 /* SF-Pro-Display-Bold.OTF */,
				586A0BD82956E4B700D52C24 /* SF-Pro-Display-Regular.OTF */,
			);
			path = Fonts;
			sourceTree = "<group>";
		};
		586A0BDB2956F18600D52C24 /* SupportingFiles */ = {
			isa = PBXGroup;
			children = (
				586A0BDA2956E4EE00D52C24 /* Fonts */,
				586A0BC92956E30100D52C24 /* Assets.xcassets */,
				586A0BCB2956E30100D52C24 /* LaunchScreen.storyboard */,
			);
			path = SupportingFiles;
			sourceTree = "<group>";
		};
		586A0BDC2956F25400D52C24 /* ApplicationLayer */ = {
			isa = PBXGroup;
			children = (
				586A0BC02956E30000D52C24 /* AppDelegate.swift */,
				586A0BC22956E30000D52C24 /* SceneDelegate.swift */,
			);
			path = ApplicationLayer;
			sourceTree = "<group>";
		};
		586A0BDF2956F31300D52C24 /* Controllers */ = {
			isa = PBXGroup;
			children = (
				586A0BC42956E30000D52C24 /* MainVC.swift */,
				586A0BDD2956F2E900D52C24 /* GameVC.swift */,
			);
			path = Controllers;
			sourceTree = "<group>";
		};
		586A0BE02956F35600D52C24 /* Views */ = {
			isa = PBXGroup;
			children = (
			);
			path = Views;
			sourceTree = "<group>";
		};
		586A0BE12956F36000D52C24 /* Models */ = {
			isa = PBXGroup;
			children = (
			);
			path = Models;
			sourceTree = "<group>";
		};
		586A0BE42956F90100D52C24 /* Extensions */ = {
			isa = PBXGroup;
			children = (
				586A0BE52956F93800D52C24 /* UISegmentedControlExtension.swift */,
			);
			path = Extensions;
			sourceTree = "<group>";
		};
/* End PBXGroup section */

/* Begin PBXNativeTarget section */
		586A0BBC2956E30000D52C24 /* SlotsGames */ = {
			isa = PBXNativeTarget;
			buildConfigurationList = 586A0BD12956E30100D52C24 /* Build configuration list for PBXNativeTarget "SlotsGames" */;
			buildPhases = (
				586A0BB92956E30000D52C24 /* Sources */,
				586A0BBA2956E30000D52C24 /* Frameworks */,
				586A0BBB2956E30000D52C24 /* Resources */,
			);
			buildRules = (
			);
			dependencies = (
			);
			name = SlotsGames;
			productName = SlotsGames;
			productReference = 586A0BBD2956E30000D52C24 /* SlotsGames.app */;
			productType = "com.apple.product-type.application";
		};
/* End PBXNativeTarget section */

/* Begin PBXProject section */
		586A0BB52956E30000D52C24 /* Project object */ = {
			isa = PBXProject;
			attributes = {
				BuildIndependentTargetsInParallel = 1;
				LastSwiftUpdateCheck = 1420;
				LastUpgradeCheck = 1420;
				TargetAttributes = {
					586A0BBC2956E30000D52C24 = {
						CreatedOnToolsVersion = 14.2;
					};
				};
			};
			buildConfigurationList = 586A0BB82956E30000D52C24 /* Build configuration list for PBXProject "SlotsGames" */;
			compatibilityVersion = "Xcode 14.0";
			developmentRegion = en;
			hasScannedForEncodings = 0;
			knownRegions = (
				en,
				Base,
			);
			mainGroup = 586A0BB42956E30000D52C24;
			productRefGroup = 586A0BBE2956E30000D52C24 /* Products */;
			projectDirPath = "";
			projectRoot = "";
			targets = (
				586A0BBC2956E30000D52C24 /* SlotsGames */,
			);
		};
/* End PBXProject section */

/* Begin PBXResourcesBuildPhase section */
		586A0BBB2956E30000D52C24 /* Resources */ = {
			isa = PBXResourcesBuildPhase;
			buildActionMask = 2147483647;
			files = (
				586A0BCD2956E30100D52C24 /* LaunchScreen.storyboard in Resources */,
				586A0BCA2956E30100D52C24 /* Assets.xcassets in Resources */,
				586A0BD52956E45400D52C24 /* Roboto-Bold.ttf in Resources */,
				586A0BD72956E4A700D52C24 /* SF-Pro-Display-Bold.OTF in Resources */,
				586A0BD92956E4B700D52C24 /* SF-Pro-Display-Regular.OTF in Resources */,
			);
			runOnlyForDeploymentPostprocessing = 0;
		};
/* End PBXResourcesBuildPhase section */

/* Begin PBXSourcesBuildPhase section */
		586A0BB92956E30000D52C24 /* Sources */ = {
			isa = PBXSourcesBuildPhase;
			buildActionMask = 2147483647;
			files = (
				586A0BE62956F93800D52C24 /* UISegmentedControlExtension.swift in Sources */,
				586A0BE32956F5B100D52C24 /* Constants.swift in Sources */,
				586A0BC52956E30000D52C24 /* MainVC.swift in Sources */,
				586A0BC12956E30000D52C24 /* AppDelegate.swift in Sources */,
				586A0BDE2956F2E900D52C24 /* GameVC.swift in Sources */,
				586A0BC32956E30000D52C24 /* SceneDelegate.swift in Sources */,
			);
			runOnlyForDeploymentPostprocessing = 0;
		};
/* End PBXSourcesBuildPhase section */

/* Begin PBXVariantGroup section */
		586A0BCB2956E30100D52C24 /* LaunchScreen.storyboard */ = {
			isa = PBXVariantGroup;
			children = (
				586A0BCC2956E30100D52C24 /* Base */,
			);
			name = LaunchScreen.storyboard;
			sourceTree = "<group>";
		};
/* End PBXVariantGroup section */

/* Begin XCBuildConfiguration section */
		586A0BCF2956E30100D52C24 /* Debug */ = {
			isa = XCBuildConfiguration;
			buildSettings = {
				ALWAYS_SEARCH_USER_PATHS = NO;
				CLANG_ANALYZER_NONNULL = YES;
				CLANG_ANALYZER_NUMBER_OBJECT_CONVERSION = YES_AGGRESSIVE;
				CLANG_CXX_LANGUAGE_STANDARD = "gnu++20";
				CLANG_ENABLE_MODULES = YES;
				CLANG_ENABLE_OBJC_ARC = YES;
				CLANG_ENABLE_OBJC_WEAK = YES;
				CLANG_WARN_BLOCK_CAPTURE_AUTORELEASING = YES;
				CLANG_WARN_BOOL_CONVERSION = YES;
				CLANG_WARN_COMMA = YES;
				CLANG_WARN_CONSTANT_CONVERSION = YES;
				CLANG_WARN_DEPRECATED_OBJC_IMPLEMENTATIONS = YES;
				CLANG_WARN_DIRECT_OBJC_ISA_USAGE = YES_ERROR;
				CLANG_WARN_DOCUMENTATION_COMMENTS = YES;
				CLANG_WARN_EMPTY_BODY = YES;
				CLANG_WARN_ENUM_CONVERSION = YES;
				CLANG_WARN_INFINITE_RECURSION = YES;
				CLANG_WARN_INT_CONVERSION = YES;
				CLANG_WARN_NON_LITERAL_NULL_CONVERSION = YES;
				CLANG_WARN_OBJC_IMPLICIT_RETAIN_SELF = YES;
				CLANG_WARN_OBJC_LITERAL_CONVERSION = YES;
				CLANG_WARN_OBJC_ROOT_CLASS = YES_ERROR;
				CLANG_WARN_QUOTED_INCLUDE_IN_FRAMEWORK_HEADER = YES;
				CLANG_WARN_RANGE_LOOP_ANALYSIS = YES;
				CLANG_WARN_STRICT_PROTOTYPES = YES;
				CLANG_WARN_SUSPICIOUS_MOVE = YES;
				CLANG_WARN_UNGUARDED_AVAILABILITY = YES_AGGRESSIVE;
				CLANG_WARN_UNREACHABLE_CODE = YES;
				CLANG_WARN__DUPLICATE_METHOD_MATCH = YES;
				COPY_PHASE_STRIP = NO;
				DEBUG_INFORMATION_FORMAT = dwarf;
				ENABLE_STRICT_OBJC_MSGSEND = YES;
				ENABLE_TESTABILITY = YES;
				GCC_C_LANGUAGE_STANDARD = gnu11;
				GCC_DYNAMIC_NO_PIC = NO;
				GCC_NO_COMMON_BLOCKS = YES;
				GCC_OPTIMIZATION_LEVEL = 0;
				GCC_PREPROCESSOR_DEFINITIONS = (
					"DEBUG=1",
					"$(inherited)",
				);
				GCC_WARN_64_TO_32_BIT_CONVERSION = YES;
				GCC_WARN_ABOUT_RETURN_TYPE = YES_ERROR;
				GCC_WARN_UNDECLARED_SELECTOR = YES;
				GCC_WARN_UNINITIALIZED_AUTOS = YES_AGGRESSIVE;
				GCC_WARN_UNUSED_FUNCTION = YES;
				GCC_WARN_UNUSED_VARIABLE = YES;
				IPHONEOS_DEPLOYMENT_TARGET = 16.2;
				MTL_ENABLE_DEBUG_INFO = INCLUDE_SOURCE;
				MTL_FAST_MATH = YES;
				ONLY_ACTIVE_ARCH = YES;
				SDKROOT = iphoneos;
				SWIFT_ACTIVE_COMPILATION_CONDITIONS = DEBUG;
				SWIFT_OPTIMIZATION_LEVEL = "-Onone";
			};
			name = Debug;
		};
		586A0BD02956E30100D52C24 /* Release */ = {
			isa = XCBuildConfiguration;
			buildSettings = {
				ALWAYS_SEARCH_USER_PATHS = NO;
				CLANG_ANALYZER_NONNULL = YES;
				CLANG_ANALYZER_NUMBER_OBJECT_CONVERSION = YES_AGGRESSIVE;
				CLANG_CXX_LANGUAGE_STANDARD = "gnu++20";
				CLANG_ENABLE_MODULES = YES;
				CLANG_ENABLE_OBJC_ARC = YES;
				CLANG_ENABLE_OBJC_WEAK = YES;
				CLANG_WARN_BLOCK_CAPTURE_AUTORELEASING = YES;
				CLANG_WARN_BOOL_CONVERSION = YES;
				CLANG_WARN_COMMA = YES;
				CLANG_WARN_CONSTANT_CONVERSION = YES;
				CLANG_WARN_DEPRECATED_OBJC_IMPLEMENTATIONS = YES;
				CLANG_WARN_DIRECT_OBJC_ISA_USAGE = YES_ERROR;
				CLANG_WARN_DOCUMENTATION_COMMENTS = YES;
				CLANG_WARN_EMPTY_BODY = YES;
				CLANG_WARN_ENUM_CONVERSION = YES;
				CLANG_WARN_INFINITE_RECURSION = YES;
				CLANG_WARN_INT_CONVERSION = YES;
				CLANG_WARN_NON_LITERAL_NULL_CONVERSION = YES;
				CLANG_WARN_OBJC_IMPLICIT_RETAIN_SELF = YES;
				CLANG_WARN_OBJC_LITERAL_CONVERSION = YES;
				CLANG_WARN_OBJC_ROOT_CLASS = YES_ERROR;
				CLANG_WARN_QUOTED_INCLUDE_IN_FRAMEWORK_HEADER = YES;
				CLANG_WARN_RANGE_LOOP_ANALYSIS = YES;
				CLANG_WARN_STRICT_PROTOTYPES = YES;
				CLANG_WARN_SUSPICIOUS_MOVE = YES;
				CLANG_WARN_UNGUARDED_AVAILABILITY = YES_AGGRESSIVE;
				CLANG_WARN_UNREACHABLE_CODE = YES;
				CLANG_WARN__DUPLICATE_METHOD_MATCH = YES;
				COPY_PHASE_STRIP = NO;
				DEBUG_INFORMATION_FORMAT = "dwarf-with-dsym";
				ENABLE_NS_ASSERTIONS = NO;
				ENABLE_STRICT_OBJC_MSGSEND = YES;
				GCC_C_LANGUAGE_STANDARD = gnu11;
				GCC_NO_COMMON_BLOCKS = YES;
				GCC_WARN_64_TO_32_BIT_CONVERSION = YES;
				GCC_WARN_ABOUT_RETURN_TYPE = YES_ERROR;
				GCC_WARN_UNDECLARED_SELECTOR = YES;
				GCC_WARN_UNINITIALIZED_AUTOS = YES_AGGRESSIVE;
				GCC_WARN_UNUSED_FUNCTION = YES;
				GCC_WARN_UNUSED_VARIABLE = YES;
				IPHONEOS_DEPLOYMENT_TARGET = 16.2;
				MTL_ENABLE_DEBUG_INFO = NO;
				MTL_FAST_MATH = YES;
				SDKROOT = iphoneos;
				SWIFT_COMPILATION_MODE = wholemodule;
				SWIFT_OPTIMIZATION_LEVEL = "-O";
				VALIDATE_PRODUCT = YES;
			};
			name = Release;
		};
		586A0BD22956E30100D52C24 /* Debug */ = {
			isa = XCBuildConfiguration;
			buildSettings = {
				ASSETCATALOG_COMPILER_APPICON_NAME = AppIcon;
				ASSETCATALOG_COMPILER_GLOBAL_ACCENT_COLOR_NAME = AccentColor;
				CODE_SIGN_STYLE = Automatic;
				CURRENT_PROJECT_VERSION = 1;
				DEVELOPMENT_TEAM = 3N225TZ4SD;
				GENERATE_INFOPLIST_FILE = YES;
				INFOPLIST_FILE = SlotsGames/Info.plist;
				INFOPLIST_KEY_UIApplicationSupportsIndirectInputEvents = YES;
				INFOPLIST_KEY_UILaunchStoryboardName = LaunchScreen;
				INFOPLIST_KEY_UISupportedInterfaceOrientations_iPad = "UIInterfaceOrientationPortrait UIInterfaceOrientationPortraitUpsideDown UIInterfaceOrientationLandscapeLeft UIInterfaceOrientationLandscapeRight";
				INFOPLIST_KEY_UISupportedInterfaceOrientations_iPhone = "UIInterfaceOrientationPortrait UIInterfaceOrientationLandscapeLeft UIInterfaceOrientationLandscapeRight";
				LD_RUNPATH_SEARCH_PATHS = (
					"$(inherited)",
					"@executable_path/Frameworks",
				);
				MARKETING_VERSION = 1.0;
				PRODUCT_BUNDLE_IDENTIFIER = com.veronicarudiuk.SlotsGames.SlotsGames;
				PRODUCT_NAME = "$(TARGET_NAME)";
				SWIFT_EMIT_LOC_STRINGS = YES;
				SWIFT_VERSION = 5.0;
				TARGETED_DEVICE_FAMILY = "1,2";
			};
			name = Debug;
		};
		586A0BD32956E30100D52C24 /* Release */ = {
			isa = XCBuildConfiguration;
			buildSettings = {
				ASSETCATALOG_COMPILER_APPICON_NAME = AppIcon;
				ASSETCATALOG_COMPILER_GLOBAL_ACCENT_COLOR_NAME = AccentColor;
				CODE_SIGN_STYLE = Automatic;
				CURRENT_PROJECT_VERSION = 1;
				DEVELOPMENT_TEAM = 3N225TZ4SD;
				GENERATE_INFOPLIST_FILE = YES;
				INFOPLIST_FILE = SlotsGames/Info.plist;
				INFOPLIST_KEY_UIApplicationSupportsIndirectInputEvents = YES;
				INFOPLIST_KEY_UILaunchStoryboardName = LaunchScreen;
				INFOPLIST_KEY_UISupportedInterfaceOrientations_iPad = "UIInterfaceOrientationPortrait UIInterfaceOrientationPortraitUpsideDown UIInterfaceOrientationLandscapeLeft UIInterfaceOrientationLandscapeRight";
				INFOPLIST_KEY_UISupportedInterfaceOrientations_iPhone = "UIInterfaceOrientationPortrait UIInterfaceOrientationLandscapeLeft UIInterfaceOrientationLandscapeRight";
				LD_RUNPATH_SEARCH_PATHS = (
					"$(inherited)",
					"@executable_path/Frameworks",
				);
				MARKETING_VERSION = 1.0;
				PRODUCT_BUNDLE_IDENTIFIER = com.veronicarudiuk.SlotsGames.SlotsGames;
				PRODUCT_NAME = "$(TARGET_NAME)";
				SWIFT_EMIT_LOC_STRINGS = YES;
				SWIFT_VERSION = 5.0;
				TARGETED_DEVICE_FAMILY = "1,2";
			};
			name = Release;
		};
/* End XCBuildConfiguration section */

/* Begin XCConfigurationList section */
		586A0BB82956E30000D52C24 /* Build configuration list for PBXProject "SlotsGames" */ = {
			isa = XCConfigurationList;
			buildConfigurations = (
				586A0BCF2956E30100D52C24 /* Debug */,
				586A0BD02956E30100D52C24 /* Release */,
			);
			defaultConfigurationIsVisible = 0;
			defaultConfigurationName = Release;
		};
		586A0BD12956E30100D52C24 /* Build configuration list for PBXNativeTarget "SlotsGames" */ = {
			isa = XCConfigurationList;
			buildConfigurations = (
				586A0BD22956E30100D52C24 /* Debug */,
				586A0BD32956E30100D52C24 /* Release */,
			);
			defaultConfigurationIsVisible = 0;
			defaultConfigurationName = Release;
		};
/* End XCConfigurationList section */
	};
	rootObject = 586A0BB52956E30000D52C24 /* Project object */;
}
